<?xml version="1.0" encoding="UTF-8" standalone="yes" ?>
<CodeBlocks_project_file>
	<FileVersion major="1" minor="6" />
	<Project>
		<Option title="Rosas_Veganas" />
		<Option pch_mode="2" />
		<Option compiler="gcc" />
		<Option virtualFolders="Classes/;Functions/" />
		<Build>
			<Target title="Debug">
				<Option output="bin/Debug/Contentas_las_Vacas" prefix_auto="1" extension_auto="1" />
				<Option object_output="obj/Debug/" />
				<Option type="1" />
				<Option compiler="gcc" />
				<Compiler>
					<Add option="-g" />
				</Compiler>
			</Target>
			<Target title="Release">
				<Option output="bin/Release/Contentas_las_Vacas" prefix_auto="1" extension_auto="1" />
				<Option object_output="obj/Release/" />
				<Option type="1" />
				<Option compiler="gcc" />
				<Compiler>
					<Add option="-O2" />
				</Compiler>
				<Linker>
					<Add option="-s" />
				</Linker>
			</Target>
		</Build>
		<Compiler>
			<Add option="-Wall" />
		</Compiler>
		<Unit filename="Bebida.h">
			<Option virtualFolder="Classes/" />
		</Unit>
		<Unit filename="Cliente.h">
			<Option virtualFolder="Classes/" />
		</Unit>
		<Unit filename="Entrada.h">
			<Option virtualFolder="Classes/" />
		</Unit>
		<Unit filename="Fecha.h">
			<Option virtualFolder="Classes/" />
		</Unit>
		<Unit filename="Pedido.h">
			<Option virtualFolder="Classes/" />
		</Unit>
		<Unit filename="Usuario.h">
			<Option virtualFolder="Classes/" />
		</Unit>
		<Unit filename="funcionesClientes.h">
			<Option virtualFolder="Functions/" />
		</Unit>
		<Unit filename="funcionesComida.h">
			<Option virtualFolder="Functions/" />
		</Unit>
		<Unit filename="funcionesConfiguracion.h">
			<Option virtualFolder="Functions/" />
		</Unit>
		<Unit filename="funcionesGlobales.h">
			<Option virtualFolder="Functions/" />
		</Unit>
		<Unit filename="funcionesPedidos.h">
			<Option virtualFolder="Functions/" />
		</Unit>
		<Unit filename="funcionesUsuarios.h">
			<Option virtualFolder="Functions/" />
		</Unit>
		<Unit filename="main.cpp" />
		<Unit filename="menúesPrincipales.h" />
		<Unit filename="reportes.h" />
		<Unit filename="rlutil.h" />
		<Extensions>
			<lib_finder disable_auto="1" />
		</Extensions>
	</Project>
</CodeBlocks_project_file>
